
Microsoft Visual Studio Solution File, Format Version 12.00
# Visual Studio Version 17
VisualStudioVersion = 17.14.36414.22 d17.14
MinimumVisualStudioVersion = 10.0.40219.1
Project("{FAE04EC0-301F-11D3-BF4B-00C04F79EFBC}") = "PR2.2", "PR2.2\PR2.2.csproj", "{AC2045CA-D4C3-458B-861A-7A72D1CF8E3C}"
EndProject
Global
	GlobalSection(SolutionConfigurationPlatforms) = preSolution
		Debug|Any CPU = Debug|Any CPU
		Release|Any CPU = Release|Any CPU
	EndGlobalSection
	GlobalSection(ProjectConfigurationPlatforms) = postSolution
		{AC2045CA-D4C3-458B-861A-7A72D1CF8E3C}.Debug|Any CPU.ActiveCfg = Debug|Any CPU
		{AC2045CA-D4C3-458B-861A-7A72D1CF8E3C}.Debug|Any CPU.Build.0 = Debug|Any CPU
		{AC2045CA-D4C3-458B-861A-7A72D1CF8E3C}.Release|Any CPU.ActiveCfg = Release|Any CPU
		{AC2045CA-D4C3-458B-861A-7A72D1CF8E3C}.Release|Any CPU.Build.0 = Release|Any CPU
	EndGlobalSection
	GlobalSection(SolutionProperties) = preSolution
		HideSolutionNode = FALSE
	EndGlobalSection
	GlobalSection(ExtensibilityGlobals) = postSolution
		SolutionGuid = {FB9EF7D4-5ADD-4799-A0B6-9CEA12D719AA}
	EndGlobalSection
EndGlobal
