
Microsoft Visual Studio Solution File, Format Version 12.00
# Visual Studio Version 17
VisualStudioVersion = 17.14.36414.22 d17.14
MinimumVisualStudioVersion = 10.0.40219.1
Project("{FAE04EC0-301F-11D3-BF4B-00C04F79EFBC}") = "М2.2", "М2.2\М2.2.csproj", "{53F5ACAC-A8BA-4D91-9039-9ED0A012CE22}"
EndProject
Global
	GlobalSection(SolutionConfigurationPlatforms) = preSolution
		Debug|Any CPU = Debug|Any CPU
		Release|Any CPU = Release|Any CPU
	EndGlobalSection
	GlobalSection(ProjectConfigurationPlatforms) = postSolution
		{53F5ACAC-A8BA-4D91-9039-9ED0A012CE22}.Debug|Any CPU.ActiveCfg = Debug|Any CPU
		{53F5ACAC-A8BA-4D91-9039-9ED0A012CE22}.Debug|Any CPU.Build.0 = Debug|Any CPU
		{53F5ACAC-A8BA-4D91-9039-9ED0A012CE22}.Release|Any CPU.ActiveCfg = Release|Any CPU
		{53F5ACAC-A8BA-4D91-9039-9ED0A012CE22}.Release|Any CPU.Build.0 = Release|Any CPU
	EndGlobalSection
	GlobalSection(SolutionProperties) = preSolution
		HideSolutionNode = FALSE
	EndGlobalSection
	GlobalSection(ExtensibilityGlobals) = postSolution
		SolutionGuid = {07F3664A-78C0-4132-A4C2-2644F3E6853C}
	EndGlobalSection
EndGlobal
