
Microsoft Visual Studio Solution File, Format Version 12.00
# Visual Studio Version 17
VisualStudioVersion = 17.14.36414.22 d17.14
MinimumVisualStudioVersion = 10.0.40219.1
Project("{FAE04EC0-301F-11D3-BF4B-00C04F79EFBC}") = "М2.2(3)", "М2.2(3)\М2.2(3).csproj", "{835AAD3D-E4AC-4BB4-85CB-64822D46386A}"
EndProject
Global
	GlobalSection(SolutionConfigurationPlatforms) = preSolution
		Debug|Any CPU = Debug|Any CPU
		Release|Any CPU = Release|Any CPU
	EndGlobalSection
	GlobalSection(ProjectConfigurationPlatforms) = postSolution
		{835AAD3D-E4AC-4BB4-85CB-64822D46386A}.Debug|Any CPU.ActiveCfg = Debug|Any CPU
		{835AAD3D-E4AC-4BB4-85CB-64822D46386A}.Debug|Any CPU.Build.0 = Debug|Any CPU
		{835AAD3D-E4AC-4BB4-85CB-64822D46386A}.Release|Any CPU.ActiveCfg = Release|Any CPU
		{835AAD3D-E4AC-4BB4-85CB-64822D46386A}.Release|Any CPU.Build.0 = Release|Any CPU
	EndGlobalSection
	GlobalSection(SolutionProperties) = preSolution
		HideSolutionNode = FALSE
	EndGlobalSection
	GlobalSection(ExtensibilityGlobals) = postSolution
		SolutionGuid = {F059082D-729A-4D78-818D-1970435B7F42}
	EndGlobalSection
EndGlobal
