
Microsoft Visual Studio Solution File, Format Version 12.00
# Visual Studio Version 17
VisualStudioVersion = 17.14.36518.9 d17.14
MinimumVisualStudioVersion = 10.0.40219.1
Project("{FAE04EC0-301F-11D3-BF4B-00C04F79EFBC}") = "4.1", "4.1\4.1.csproj", "{66855B42-A535-4FE8-8D5D-3DD60E3A164C}"
EndProject
Global
	GlobalSection(SolutionConfigurationPlatforms) = preSolution
		Debug|Any CPU = Debug|Any CPU
		Release|Any CPU = Release|Any CPU
	EndGlobalSection
	GlobalSection(ProjectConfigurationPlatforms) = postSolution
		{66855B42-A535-4FE8-8D5D-3DD60E3A164C}.Debug|Any CPU.ActiveCfg = Debug|Any CPU
		{66855B42-A535-4FE8-8D5D-3DD60E3A164C}.Debug|Any CPU.Build.0 = Debug|Any CPU
		{66855B42-A535-4FE8-8D5D-3DD60E3A164C}.Release|Any CPU.ActiveCfg = Release|Any CPU
		{66855B42-A535-4FE8-8D5D-3DD60E3A164C}.Release|Any CPU.Build.0 = Release|Any CPU
	EndGlobalSection
	GlobalSection(SolutionProperties) = preSolution
		HideSolutionNode = FALSE
	EndGlobalSection
	GlobalSection(ExtensibilityGlobals) = postSolution
		SolutionGuid = {37B9AC2B-A35A-4D17-B441-AE47849D8265}
	EndGlobalSection
EndGlobal
