
Microsoft Visual Studio Solution File, Format Version 12.00
# Visual Studio Version 17
VisualStudioVersion = 17.14.36414.22 d17.14
MinimumVisualStudioVersion = 10.0.40219.1
Project("{FAE04EC0-301F-11D3-BF4B-00C04F79EFBC}") = "PR1.3", "PR1.3\PR1.3.csproj", "{48EBF0BB-82B7-4105-B539-C46EE8CCD34A}"
EndProject
Global
	GlobalSection(SolutionConfigurationPlatforms) = preSolution
		Debug|Any CPU = Debug|Any CPU
		Release|Any CPU = Release|Any CPU
	EndGlobalSection
	GlobalSection(ProjectConfigurationPlatforms) = postSolution
		{48EBF0BB-82B7-4105-B539-C46EE8CCD34A}.Debug|Any CPU.ActiveCfg = Debug|Any CPU
		{48EBF0BB-82B7-4105-B539-C46EE8CCD34A}.Debug|Any CPU.Build.0 = Debug|Any CPU
		{48EBF0BB-82B7-4105-B539-C46EE8CCD34A}.Release|Any CPU.ActiveCfg = Release|Any CPU
		{48EBF0BB-82B7-4105-B539-C46EE8CCD34A}.Release|Any CPU.Build.0 = Release|Any CPU
	EndGlobalSection
	GlobalSection(SolutionProperties) = preSolution
		HideSolutionNode = FALSE
	EndGlobalSection
	GlobalSection(ExtensibilityGlobals) = postSolution
		SolutionGuid = {695D3B9D-C1A2-4F58-81BC-7CD9C2F1B550}
	EndGlobalSection
EndGlobal
