
Microsoft Visual Studio Solution File, Format Version 12.00
# Visual Studio Version 17
VisualStudioVersion = 17.14.36414.22 d17.14
MinimumVisualStudioVersion = 10.0.40219.1
Project("{FAE04EC0-301F-11D3-BF4B-00C04F79EFBC}") = "PR1.2", "PR1.2\PR1.2.csproj", "{73E20586-CE6E-4D33-BC63-EEF647592287}"
EndProject
Global
	GlobalSection(SolutionConfigurationPlatforms) = preSolution
		Debug|Any CPU = Debug|Any CPU
		Release|Any CPU = Release|Any CPU
	EndGlobalSection
	GlobalSection(ProjectConfigurationPlatforms) = postSolution
		{73E20586-CE6E-4D33-BC63-EEF647592287}.Debug|Any CPU.ActiveCfg = Debug|Any CPU
		{73E20586-CE6E-4D33-BC63-EEF647592287}.Debug|Any CPU.Build.0 = Debug|Any CPU
		{73E20586-CE6E-4D33-BC63-EEF647592287}.Release|Any CPU.ActiveCfg = Release|Any CPU
		{73E20586-CE6E-4D33-BC63-EEF647592287}.Release|Any CPU.Build.0 = Release|Any CPU
	EndGlobalSection
	GlobalSection(SolutionProperties) = preSolution
		HideSolutionNode = FALSE
	EndGlobalSection
	GlobalSection(ExtensibilityGlobals) = postSolution
		SolutionGuid = {999AC08D-930F-4365-B216-666A09F96287}
	EndGlobalSection
EndGlobal
