
Microsoft Visual Studio Solution File, Format Version 12.00
# Visual Studio Version 17
VisualStudioVersion = 17.14.36127.28 d17.14
MinimumVisualStudioVersion = 10.0.40219.1
Project("{FAE04EC0-301F-11D3-BF4B-00C04F79EFBC}") = "9.3", "9.3\9.3.csproj", "{4CE7E84E-1412-4AEE-AE0E-CFF1622F78F0}"
EndProject
Global
	GlobalSection(SolutionConfigurationPlatforms) = preSolution
		Debug|Any CPU = Debug|Any CPU
		Release|Any CPU = Release|Any CPU
	EndGlobalSection
	GlobalSection(ProjectConfigurationPlatforms) = postSolution
		{4CE7E84E-1412-4AEE-AE0E-CFF1622F78F0}.Debug|Any CPU.ActiveCfg = Debug|Any CPU
		{4CE7E84E-1412-4AEE-AE0E-CFF1622F78F0}.Debug|Any CPU.Build.0 = Debug|Any CPU
		{4CE7E84E-1412-4AEE-AE0E-CFF1622F78F0}.Release|Any CPU.ActiveCfg = Release|Any CPU
		{4CE7E84E-1412-4AEE-AE0E-CFF1622F78F0}.Release|Any CPU.Build.0 = Release|Any CPU
	EndGlobalSection
	GlobalSection(SolutionProperties) = preSolution
		HideSolutionNode = FALSE
	EndGlobalSection
	GlobalSection(ExtensibilityGlobals) = postSolution
		SolutionGuid = {529FD284-AB86-469D-8419-E9C00C1BB04B}
	EndGlobalSection
EndGlobal
