
Microsoft Visual Studio Solution File, Format Version 12.00
# Visual Studio Version 17
VisualStudioVersion = 17.14.36414.22 d17.14
MinimumVisualStudioVersion = 10.0.40219.1
Project("{FAE04EC0-301F-11D3-BF4B-00C04F79EFBC}") = "PR2.4", "PR2.4\PR2.4.csproj", "{2B70DDF3-9610-4F6A-AA23-5E515233F00E}"
EndProject
Global
	GlobalSection(SolutionConfigurationPlatforms) = preSolution
		Debug|Any CPU = Debug|Any CPU
		Release|Any CPU = Release|Any CPU
	EndGlobalSection
	GlobalSection(ProjectConfigurationPlatforms) = postSolution
		{2B70DDF3-9610-4F6A-AA23-5E515233F00E}.Debug|Any CPU.ActiveCfg = Debug|Any CPU
		{2B70DDF3-9610-4F6A-AA23-5E515233F00E}.Debug|Any CPU.Build.0 = Debug|Any CPU
		{2B70DDF3-9610-4F6A-AA23-5E515233F00E}.Release|Any CPU.ActiveCfg = Release|Any CPU
		{2B70DDF3-9610-4F6A-AA23-5E515233F00E}.Release|Any CPU.Build.0 = Release|Any CPU
	EndGlobalSection
	GlobalSection(SolutionProperties) = preSolution
		HideSolutionNode = FALSE
	EndGlobalSection
	GlobalSection(ExtensibilityGlobals) = postSolution
		SolutionGuid = {F2CA4563-5606-41DC-B7E8-9533EBA85B02}
	EndGlobalSection
EndGlobal
