
Microsoft Visual Studio Solution File, Format Version 12.00
# Visual Studio Version 17
VisualStudioVersion = 17.14.36414.22 d17.14
MinimumVisualStudioVersion = 10.0.40219.1
Project("{FAE04EC0-301F-11D3-BF4B-00C04F79EFBC}") = "PR2.3", "PR2.3\PR2.3.csproj", "{559184E2-59C1-4A51-A7A8-441C75CC2A4B}"
EndProject
Global
	GlobalSection(SolutionConfigurationPlatforms) = preSolution
		Debug|Any CPU = Debug|Any CPU
		Release|Any CPU = Release|Any CPU
	EndGlobalSection
	GlobalSection(ProjectConfigurationPlatforms) = postSolution
		{559184E2-59C1-4A51-A7A8-441C75CC2A4B}.Debug|Any CPU.ActiveCfg = Debug|Any CPU
		{559184E2-59C1-4A51-A7A8-441C75CC2A4B}.Debug|Any CPU.Build.0 = Debug|Any CPU
		{559184E2-59C1-4A51-A7A8-441C75CC2A4B}.Release|Any CPU.ActiveCfg = Release|Any CPU
		{559184E2-59C1-4A51-A7A8-441C75CC2A4B}.Release|Any CPU.Build.0 = Release|Any CPU
	EndGlobalSection
	GlobalSection(SolutionProperties) = preSolution
		HideSolutionNode = FALSE
	EndGlobalSection
	GlobalSection(ExtensibilityGlobals) = postSolution
		SolutionGuid = {617D6C97-2C59-4B11-A21F-B8377696001B}
	EndGlobalSection
EndGlobal
