
Microsoft Visual Studio Solution File, Format Version 12.00
# Visual Studio Version 17
VisualStudioVersion = 17.14.36518.9 d17.14
MinimumVisualStudioVersion = 10.0.40219.1
Project("{FAE04EC0-301F-11D3-BF4B-00C04F79EFBC}") = "4.4", "4.4\4.4.csproj", "{D86DD9D2-BEC9-4ECA-B9E5-BAF254BCA015}"
EndProject
Global
	GlobalSection(SolutionConfigurationPlatforms) = preSolution
		Debug|Any CPU = Debug|Any CPU
		Release|Any CPU = Release|Any CPU
	EndGlobalSection
	GlobalSection(ProjectConfigurationPlatforms) = postSolution
		{D86DD9D2-BEC9-4ECA-B9E5-BAF254BCA015}.Debug|Any CPU.ActiveCfg = Debug|Any CPU
		{D86DD9D2-BEC9-4ECA-B9E5-BAF254BCA015}.Debug|Any CPU.Build.0 = Debug|Any CPU
		{D86DD9D2-BEC9-4ECA-B9E5-BAF254BCA015}.Release|Any CPU.ActiveCfg = Release|Any CPU
		{D86DD9D2-BEC9-4ECA-B9E5-BAF254BCA015}.Release|Any CPU.Build.0 = Release|Any CPU
	EndGlobalSection
	GlobalSection(SolutionProperties) = preSolution
		HideSolutionNode = FALSE
	EndGlobalSection
	GlobalSection(ExtensibilityGlobals) = postSolution
		SolutionGuid = {33083ED2-66CE-4217-A7AF-65A8406FE58E}
	EndGlobalSection
EndGlobal
