
Microsoft Visual Studio Solution File, Format Version 12.00
# Visual Studio Version 17
VisualStudioVersion = 17.14.36414.22 d17.14
MinimumVisualStudioVersion = 10.0.40219.1
Project("{FAE04EC0-301F-11D3-BF4B-00C04F79EFBC}") = "PR3.1", "PR3.1\PR3.1.csproj", "{9146E181-31B3-4309-A463-3E1AD0FF5513}"
EndProject
Global
	GlobalSection(SolutionConfigurationPlatforms) = preSolution
		Debug|Any CPU = Debug|Any CPU
		Release|Any CPU = Release|Any CPU
	EndGlobalSection
	GlobalSection(ProjectConfigurationPlatforms) = postSolution
		{9146E181-31B3-4309-A463-3E1AD0FF5513}.Debug|Any CPU.ActiveCfg = Debug|Any CPU
		{9146E181-31B3-4309-A463-3E1AD0FF5513}.Debug|Any CPU.Build.0 = Debug|Any CPU
		{9146E181-31B3-4309-A463-3E1AD0FF5513}.Release|Any CPU.ActiveCfg = Release|Any CPU
		{9146E181-31B3-4309-A463-3E1AD0FF5513}.Release|Any CPU.Build.0 = Release|Any CPU
	EndGlobalSection
	GlobalSection(SolutionProperties) = preSolution
		HideSolutionNode = FALSE
	EndGlobalSection
	GlobalSection(ExtensibilityGlobals) = postSolution
		SolutionGuid = {366F82D2-9534-4A69-830F-D7291F0D53E9}
	EndGlobalSection
EndGlobal
